// !$*UTF8*$!
{
	archiveVersion = 1;
	classes = {
	};
	objectVersion = 50;
	objects = {

/* Begin PBXBuildFile section */
		AC7D43EB257BD7AD002FC7C3 /* InitializerApp.swift in Sources */ = {isa = PBXBuildFile; fileRef = AC7D43EA257BD7AD002FC7C3 /* InitializerApp.swift */; };
		AC7D43ED257BD7AD002FC7C3 /* MovieView.swift in Sources */ = {isa = PBXBuildFile; fileRef = AC7D43EC257BD7AD002FC7C3 /* MovieView.swift */; };
		AC7D43EF257BD7AF002FC7C3 /* Assets.xcassets in Resources */ = {isa = PBXBuildFile; fileRef = AC7D43EE257BD7AF002FC7C3 /* Assets.xcassets */; };
		AC7D43F2257BD7AF002FC7C3 /* Preview Assets.xcassets in Resources */ = {isa = PBXBuildFile; fileRef = AC7D43F1257BD7AF002FC7C3 /* Preview Assets.xcassets */; };
		AC7D43FF257BD838002FC7C3 /* Movie.swift in Sources */ = {isa = PBXBuildFile; fileRef = AC7D43FE257BD838002FC7C3 /* Movie.swift */; };
		AC7D4402257BD8AC002FC7C3 /* MovieViewModel.swift in Sources */ = {isa = PBXBuildFile; fileRef = AC7D4401257BD8AC002FC7C3 /* MovieViewModel.swift */; };
		ACBB4D86257C1FFD00B9B33F /* Constants.swift in Sources */ = {isa = PBXBuildFile; fileRef = ACBB4D85257C1FFD00B9B33F /* Constants.swift */; };
/* End PBXBuildFile section */

/* Begin PBXFileReference section */
		AC7D43E7257BD7AD002FC7C3 /* IndraFilms-iOS.app */ = {isa = PBXFileReference; explicitFileType = wrapper.application; includeInIndex = 0; path = "IndraFilms-iOS.app"; sourceTree = BUILT_PRODUCTS_DIR; };
		AC7D43EA257BD7AD002FC7C3 /* InitializerApp.swift */ = {isa = PBXFileReference; lastKnownFileType = sourcecode.swift; path = InitializerApp.swift; sourceTree = "<group>"; };
		AC7D43EC257BD7AD002FC7C3 /* MovieView.swift */ = {isa = PBXFileReference; lastKnownFileType = sourcecode.swift; path = MovieView.swift; sourceTree = "<group>"; };
		AC7D43EE257BD7AF002FC7C3 /* Assets.xcassets */ = {isa = PBXFileReference; lastKnownFileType = folder.assetcatalog; path = Assets.xcassets; sourceTree = "<group>"; };
		AC7D43F1257BD7AF002FC7C3 /* Preview Assets.xcassets */ = {isa = PBXFileReference; lastKnownFileType = folder.assetcatalog; path = "Preview Assets.xcassets"; sourceTree = "<group>"; };
		AC7D43F3257BD7AF002FC7C3 /* Info.plist */ = {isa = PBXFileReference; lastKnownFileType = text.plist.xml; path = Info.plist; sourceTree = "<group>"; };
		AC7D43FE257BD838002FC7C3 /* Movie.swift */ = {isa = PBXFileReference; lastKnownFileType = sourcecode.swift; path = Movie.swift; sourceTree = "<group>"; };
		AC7D4401257BD8AC002FC7C3 /* MovieViewModel.swift */ = {isa = PBXFileReference; lastKnownFileType = sourcecode.swift; path = MovieViewModel.swift; sourceTree = "<group>"; };
		ACBB4D85257C1FFD00B9B33F /* Constants.swift */ = {isa = PBXFileReference; lastKnownFileType = sourcecode.swift; path = Constants.swift; sourceTree = "<group>"; };
/* End PBXFileReference section */

/* Begin PBXFrameworksBuildPhase section */
		AC7D43E4257BD7AD002FC7C3 /* Frameworks */ = {
			isa = PBXFrameworksBuildPhase;
			buildActionMask = 2147483647;
			files = (
			);
			runOnlyForDeploymentPostprocessing = 0;
		};
/* End PBXFrameworksBuildPhase section */

/* Begin PBXGroup section */
		AC7D43DE257BD7AD002FC7C3 = {
			isa = PBXGroup;
			children = (
				AC7D43E9257BD7AD002FC7C3 /* IndraFilms-iOS */,
				AC7D43E8257BD7AD002FC7C3 /* Products */,
			);
			sourceTree = "<group>";
		};
		AC7D43E8257BD7AD002FC7C3 /* Products */ = {
			isa = PBXGroup;
			children = (
				AC7D43E7257BD7AD002FC7C3 /* IndraFilms-iOS.app */,
			);
			name = Products;
			sourceTree = "<group>";
		};
		AC7D43E9257BD7AD002FC7C3 /* IndraFilms-iOS */ = {
			isa = PBXGroup;
			children = (
				ACBB4D84257C1FE600B9B33F /* Utils */,
				AC7D43FB257BD7E4002FC7C3 /* ViewModels */,
				AC7D43FC257BD7F0002FC7C3 /* Models */,
				AC7D43FA257BD7D6002FC7C3 /* Views */,
				AC7D43EE257BD7AF002FC7C3 /* Assets.xcassets */,
				AC7D43F3257BD7AF002FC7C3 /* Info.plist */,
				AC7D43F0257BD7AF002FC7C3 /* Preview Content */,
			);
			path = "IndraFilms-iOS";
			sourceTree = "<group>";
		};
		AC7D43F0257BD7AF002FC7C3 /* Preview Content */ = {
			isa = PBXGroup;
			children = (
				AC7D43F1257BD7AF002FC7C3 /* Preview Assets.xcassets */,
			);
			path = "Preview Content";
			sourceTree = "<group>";
		};
		AC7D43FA257BD7D6002FC7C3 /* Views */ = {
			isa = PBXGroup;
			children = (
				AC7D43EA257BD7AD002FC7C3 /* InitializerApp.swift */,
				AC7D43EC257BD7AD002FC7C3 /* MovieView.swift */,
			);
			path = Views;
			sourceTree = "<group>";
		};
		AC7D43FB257BD7E4002FC7C3 /* ViewModels */ = {
			isa = PBXGroup;
			children = (
				AC7D4401257BD8AC002FC7C3 /* MovieViewModel.swift */,
			);
			path = ViewModels;
			sourceTree = "<group>";
		};
		AC7D43FC257BD7F0002FC7C3 /* Models */ = {
			isa = PBXGroup;
			children = (
				AC7D43FE257BD838002FC7C3 /* Movie.swift */,
			);
			path = Models;
			sourceTree = "<group>";
		};
		ACBB4D84257C1FE600B9B33F /* Utils */ = {
			isa = PBXGroup;
			children = (
				ACBB4D85257C1FFD00B9B33F /* Constants.swift */,
			);
			path = Utils;
			sourceTree = "<group>";
		};
/* End PBXGroup section */

/* Begin PBXNativeTarget section */
		AC7D43E6257BD7AD002FC7C3 /* IndraFilms-iOS */ = {
			isa = PBXNativeTarget;
			buildConfigurationList = AC7D43F6257BD7AF002FC7C3 /* Build configuration list for PBXNativeTarget "IndraFilms-iOS" */;
			buildPhases = (
				AC7D43E3257BD7AD002FC7C3 /* Sources */,
				AC7D43E4257BD7AD002FC7C3 /* Frameworks */,
				AC7D43E5257BD7AD002FC7C3 /* Resources */,
			);
			buildRules = (
			);
			dependencies = (
			);
			name = "IndraFilms-iOS";
			productName = "IndraFilms-iOS";
			productReference = AC7D43E7257BD7AD002FC7C3 /* IndraFilms-iOS.app */;
			productType = "com.apple.product-type.application";
		};
/* End PBXNativeTarget section */

/* Begin PBXProject section */
		AC7D43DF257BD7AD002FC7C3 /* Project object */ = {
			isa = PBXProject;
			attributes = {
				LastSwiftUpdateCheck = 1220;
				LastUpgradeCheck = 1220;
				TargetAttributes = {
					AC7D43E6257BD7AD002FC7C3 = {
						CreatedOnToolsVersion = 12.2;
					};
				};
			};
			buildConfigurationList = AC7D43E2257BD7AD002FC7C3 /* Build configuration list for PBXProject "IndraFilms-iOS" */;
			compatibilityVersion = "Xcode 9.3";
			developmentRegion = en;
			hasScannedForEncodings = 0;
			knownRegions = (
				en,
				Base,
			);
			mainGroup = AC7D43DE257BD7AD002FC7C3;
			productRefGroup = AC7D43E8257BD7AD002FC7C3 /* Products */;
			projectDirPath = "";
			projectRoot = "";
			targets = (
				AC7D43E6257BD7AD002FC7C3 /* IndraFilms-iOS */,
			);
		};
/* End PBXProject section */

/* Begin PBXResourcesBuildPhase section */
		AC7D43E5257BD7AD002FC7C3 /* Resources */ = {
			isa = PBXResourcesBuildPhase;
			buildActionMask = 2147483647;
			files = (
				AC7D43F2257BD7AF002FC7C3 /* Preview Assets.xcassets in Resources */,
				AC7D43EF257BD7AF002FC7C3 /* Assets.xcassets in Resources */,
			);
			runOnlyForDeploymentPostprocessing = 0;
		};
/* End PBXResourcesBuildPhase section */

/* Begin PBXSourcesBuildPhase section */
		AC7D43E3257BD7AD002FC7C3 /* Sources */ = {
			isa = PBXSourcesBuildPhase;
			buildActionMask = 2147483647;
			files = (
				ACBB4D86257C1FFD00B9B33F /* Constants.swift in Sources */,
				AC7D43ED257BD7AD002FC7C3 /* MovieView.swift in Sources */,
				AC7D43EB257BD7AD002FC7C3 /* InitializerApp.swift in Sources */,
				AC7D43FF257BD838002FC7C3 /* Movie.swift in Sources */,
				AC7D4402257BD8AC002FC7C3 /* MovieViewModel.swift in Sources */,
			);
			runOnlyForDeploymentPostprocessing = 0;
		};
/* End PBXSourcesBuildPhase section */

/* Begin XCBuildConfiguration section */
		AC7D43F4257BD7AF002FC7C3 /* Debug */ = {
			isa = XCBuildConfiguration;
			buildSettings = {
				ALWAYS_SEARCH_USER_PATHS = NO;
				CLANG_ANALYZER_NONNULL = YES;
				CLANG_ANALYZER_NUMBER_OBJECT_CONVERSION = YES_AGGRESSIVE;
				CLANG_CXX_LANGUAGE_STANDARD = "gnu++14";
				CLANG_CXX_LIBRARY = "libc++";
				CLANG_ENABLE_MODULES = YES;
				CLANG_ENABLE_OBJC_ARC = YES;
				CLANG_ENABLE_OBJC_WEAK = YES;
				CLANG_WARN_BLOCK_CAPTURE_AUTORELEASING = YES;
				CLANG_WARN_BOOL_CONVERSION = YES;
				CLANG_WARN_COMMA = YES;
				CLANG_WARN_CONSTANT_CONVERSION = YES;
				CLANG_WARN_DEPRECATED_OBJC_IMPLEMENTATIONS = YES;
				CLANG_WARN_DIRECT_OBJC_ISA_USAGE = YES_ERROR;
				CLANG_WARN_DOCUMENTATION_COMMENTS = YES;
				CLANG_WARN_EMPTY_BODY = YES;
				CLANG_WARN_ENUM_CONVERSION = YES;
				CLANG_WARN_INFINITE_RECURSION = YES;
				CLANG_WARN_INT_CONVERSION = YES;
				CLANG_WARN_NON_LITERAL_NULL_CONVERSION = YES;
				CLANG_WARN_OBJC_IMPLICIT_RETAIN_SELF = YES;
				CLANG_WARN_OBJC_LITERAL_CONVERSION = YES;
				CLANG_WARN_OBJC_ROOT_CLASS = YES_ERROR;
				CLANG_WARN_QUOTED_INCLUDE_IN_FRAMEWORK_HEADER = YES;
				CLANG_WARN_RANGE_LOOP_ANALYSIS = YES;
				CLANG_WARN_STRICT_PROTOTYPES = YES;
				CLANG_WARN_SUSPICIOUS_MOVE = YES;
				CLANG_WARN_UNGUARDED_AVAILABILITY = YES_AGGRESSIVE;
				CLANG_WARN_UNREACHABLE_CODE = YES;
				CLANG_WARN__DUPLICATE_METHOD_MATCH = YES;
				COPY_PHASE_STRIP = NO;
				DEBUG_INFORMATION_FORMAT = dwarf;
				ENABLE_STRICT_OBJC_MSGSEND = YES;
				ENABLE_TESTABILITY = YES;
				GCC_C_LANGUAGE_STANDARD = gnu11;
				GCC_DYNAMIC_NO_PIC = NO;
				GCC_NO_COMMON_BLOCKS = YES;
				GCC_OPTIMIZATION_LEVEL = 0;
				GCC_PREPROCESSOR_DEFINITIONS = (
					"DEBUG=1",
					"$(inherited)",
				);
				GCC_WARN_64_TO_32_BIT_CONVERSION = YES;
				GCC_WARN_ABOUT_RETURN_TYPE = YES_ERROR;
				GCC_WARN_UNDECLARED_SELECTOR = YES;
				GCC_WARN_UNINITIALIZED_AUTOS = YES_AGGRESSIVE;
				GCC_WARN_UNUSED_FUNCTION = YES;
				GCC_WARN_UNUSED_VARIABLE = YES;
				IPHONEOS_DEPLOYMENT_TARGET = 14.2;
				MTL_ENABLE_DEBUG_INFO = INCLUDE_SOURCE;
				MTL_FAST_MATH = YES;
				ONLY_ACTIVE_ARCH = YES;
				SDKROOT = iphoneos;
				SWIFT_ACTIVE_COMPILATION_CONDITIONS = DEBUG;
				SWIFT_OPTIMIZATION_LEVEL = "-Onone";
			};
			name = Debug;
		};
		AC7D43F5257BD7AF002FC7C3 /* Release */ = {
			isa = XCBuildConfiguration;
			buildSettings = {
				ALWAYS_SEARCH_USER_PATHS = NO;
				CLANG_ANALYZER_NONNULL = YES;
				CLANG_ANALYZER_NUMBER_OBJECT_CONVERSION = YES_AGGRESSIVE;
				CLANG_CXX_LANGUAGE_STANDARD = "gnu++14";
				CLANG_CXX_LIBRARY = "libc++";
				CLANG_ENABLE_MODULES = YES;
				CLANG_ENABLE_OBJC_ARC = YES;
				CLANG_ENABLE_OBJC_WEAK = YES;
				CLANG_WARN_BLOCK_CAPTURE_AUTORELEASING = YES;
				CLANG_WARN_BOOL_CONVERSION = YES;
				CLANG_WARN_COMMA = YES;
				CLANG_WARN_CONSTANT_CONVERSION = YES;
				CLANG_WARN_DEPRECATED_OBJC_IMPLEMENTATIONS = YES;
				CLANG_WARN_DIRECT_OBJC_ISA_USAGE = YES_ERROR;
				CLANG_WARN_DOCUMENTATION_COMMENTS = YES;
				CLANG_WARN_EMPTY_BODY = YES;
				CLANG_WARN_ENUM_CONVERSION = YES;
				CLANG_WARN_INFINITE_RECURSION = YES;
				CLANG_WARN_INT_CONVERSION = YES;
				CLANG_WARN_NON_LITERAL_NULL_CONVERSION = YES;
				CLANG_WARN_OBJC_IMPLICIT_RETAIN_SELF = YES;
				CLANG_WARN_OBJC_LITERAL_CONVERSION = YES;
				CLANG_WARN_OBJC_ROOT_CLASS = YES_ERROR;
				CLANG_WARN_QUOTED_INCLUDE_IN_FRAMEWORK_HEADER = YES;
				CLANG_WARN_RANGE_LOOP_ANALYSIS = YES;
				CLANG_WARN_STRICT_PROTOTYPES = YES;
				CLANG_WARN_SUSPICIOUS_MOVE = YES;
				CLANG_WARN_UNGUARDED_AVAILABILITY = YES_AGGRESSIVE;
				CLANG_WARN_UNREACHABLE_CODE = YES;
				CLANG_WARN__DUPLICATE_METHOD_MATCH = YES;
				COPY_PHASE_STRIP = NO;
				DEBUG_INFORMATION_FORMAT = "dwarf-with-dsym";
				ENABLE_NS_ASSERTIONS = NO;
				ENABLE_STRICT_OBJC_MSGSEND = YES;
				GCC_C_LANGUAGE_STANDARD = gnu11;
				GCC_NO_COMMON_BLOCKS = YES;
				GCC_WARN_64_TO_32_BIT_CONVERSION = YES;
				GCC_WARN_ABOUT_RETURN_TYPE = YES_ERROR;
				GCC_WARN_UNDECLARED_SELECTOR = YES;
				GCC_WARN_UNINITIALIZED_AUTOS = YES_AGGRESSIVE;
				GCC_WARN_UNUSED_FUNCTION = YES;
				GCC_WARN_UNUSED_VARIABLE = YES;
				IPHONEOS_DEPLOYMENT_TARGET = 14.2;
				MTL_ENABLE_DEBUG_INFO = NO;
				MTL_FAST_MATH = YES;
				SDKROOT = iphoneos;
				SWIFT_COMPILATION_MODE = wholemodule;
				SWIFT_OPTIMIZATION_LEVEL = "-O";
				VALIDATE_PRODUCT = YES;
			};
			name = Release;
		};
		AC7D43F7257BD7AF002FC7C3 /* Debug */ = {
			isa = XCBuildConfiguration;
			buildSettings = {
				ASSETCATALOG_COMPILER_APPICON_NAME = AppIcon;
				ASSETCATALOG_COMPILER_GLOBAL_ACCENT_COLOR_NAME = AccentColor;
				CODE_SIGN_STYLE = Automatic;
				DEVELOPMENT_ASSET_PATHS = "\"IndraFilms-iOS/Preview Content\"";
				ENABLE_PREVIEWS = YES;
				INFOPLIST_FILE = "IndraFilms-iOS/Info.plist";
				IPHONEOS_DEPLOYMENT_TARGET = 14.0;
				LD_RUNPATH_SEARCH_PATHS = (
					"$(inherited)",
					"@executable_path/Frameworks",
				);
				PRODUCT_BUNDLE_IDENTIFIER = "com.brunofelixdev.IndraFilms-iOS";
				PRODUCT_NAME = "$(TARGET_NAME)";
				SWIFT_VERSION = 5.0;
				TARGETED_DEVICE_FAMILY = "1,2";
			};
			name = Debug;
		};
		AC7D43F8257BD7AF002FC7C3 /* Release */ = {
			isa = XCBuildConfiguration;
			buildSettings = {
				ASSETCATALOG_COMPILER_APPICON_NAME = AppIcon;
				ASSETCATALOG_COMPILER_GLOBAL_ACCENT_COLOR_NAME = AccentColor;
				CODE_SIGN_STYLE = Automatic;
				DEVELOPMENT_ASSET_PATHS = "\"IndraFilms-iOS/Preview Content\"";
				ENABLE_PREVIEWS = YES;
				INFOPLIST_FILE = "IndraFilms-iOS/Info.plist";
				IPHONEOS_DEPLOYMENT_TARGET = 14.0;
				LD_RUNPATH_SEARCH_PATHS = (
					"$(inherited)",
					"@executable_path/Frameworks",
				);
				PRODUCT_BUNDLE_IDENTIFIER = "com.brunofelixdev.IndraFilms-iOS";
				PRODUCT_NAME = "$(TARGET_NAME)";
				SWIFT_VERSION = 5.0;
				TARGETED_DEVICE_FAMILY = "1,2";
			};
			name = Release;
		};
/* End XCBuildConfiguration section */

/* Begin XCConfigurationList section */
		AC7D43E2257BD7AD002FC7C3 /* Build configuration list for PBXProject "IndraFilms-iOS" */ = {
			isa = XCConfigurationList;
			buildConfigurations = (
				AC7D43F4257BD7AF002FC7C3 /* Debug */,
				AC7D43F5257BD7AF002FC7C3 /* Release */,
			);
			defaultConfigurationIsVisible = 0;
			defaultConfigurationName = Release;
		};
		AC7D43F6257BD7AF002FC7C3 /* Build configuration list for PBXNativeTarget "IndraFilms-iOS" */ = {
			isa = XCConfigurationList;
			buildConfigurations = (
				AC7D43F7257BD7AF002FC7C3 /* Debug */,
				AC7D43F8257BD7AF002FC7C3 /* Release */,
			);
			defaultConfigurationIsVisible = 0;
			defaultConfigurationName = Release;
		};
/* End XCConfigurationList section */
	};
	rootObject = AC7D43DF257BD7AD002FC7C3 /* Project object */;
}
